{
  "version": 4,
  "terraform_version": "1.5.7",
  "serial": 10,
  "lineage": "8a710207-100b-49cb-2312-30e03843d260",
  "outputs": {
    "argocd_initial_admin_password": {
      "value": "kubectl -n argocd get secret argocd-initial-admin-secret -o jsonpath={.data.password} | base64 -d",
      "type": "string"
    },
    "argocd_url": {
      "value": "Run 'minikube service argocd-server -n argocd' to open ArgoCD",
      "type": "string"
    },
    "grafana_url": {
      "value": "Run 'minikube service prometheus-grafana -n monitoring' to open Grafana",
      "type": "string"
    }
  },
  "resources": [
    {
      "mode": "managed",
      "type": "helm_release",
      "name": "prometheus",
      "provider": "provider[\"registry.terraform.io/hashicorp/helm\"]",
      "instances": [
        {
          "schema_version": 1,
          "attributes": {
            "atomic": false,
            "chart": "kube-prometheus-stack",
            "cleanup_on_fail": false,
            "create_namespace": false,
            "dependency_update": false,
            "description": null,
            "devel": null,
            "disable_crd_hooks": false,
            "disable_openapi_validation": false,
            "disable_webhooks": false,
            "force_update": false,
            "id": "prometheus",
            "keyring": null,
            "lint": false,
            "manifest": null,
            "max_history": 0,
            "metadata": [
              {
                "app_version": "v0.70.0",
                "chart": "kube-prometheus-stack",
                "name": "prometheus",
                "namespace": "monitoring",
                "revision": 1,
                "values": "{\"grafana\":{\"enabled\":true,\"service\":{\"type\":\"NodePort\"}}}",
                "version": "55.0.0"
              }
            ],
            "name": "prometheus",
            "namespace": "monitoring",
            "pass_credentials": false,
            "postrender": [],
            "recreate_pods": false,
            "render_subchart_notes": true,
            "replace": false,
            "repository": "https://prometheus-community.github.io/helm-charts",
            "repository_ca_file": null,
            "repository_cert_file": null,
            "repository_key_file": null,
            "repository_password": null,
            "repository_username": null,
            "reset_values": false,
            "reuse_values": false,
            "set": [
              {
                "name": "grafana.enabled",
                "type": "",
                "value": "true"
              },
              {
                "name": "grafana.service.type",
                "type": "",
                "value": "NodePort"
              }
            ],
            "set_list": [],
            "set_sensitive": [],
            "skip_crds": false,
            "status": "deployed",
            "timeout": 300,
            "values": null,
            "verify": false,
            "version": "55.0.0",
            "wait": true,
            "wait_for_jobs": false
          },
          "sensitive_attributes": [],
          "private": "eyJzY2hlbWFfdmVyc2lvbiI6IjEifQ==",
          "dependencies": [
            "kubernetes_namespace.monitoring"
          ]
        }
      ]
    },
    {
      "mode": "managed",
      "type": "kubernetes_namespace",
      "name": "argocd",
      "provider": "provider[\"registry.terraform.io/hashicorp/kubernetes\"]",
      "instances": [
        {
          "schema_version": 0,
          "attributes": {
            "id": "argocd",
            "metadata": [
              {
                "annotations": {},
                "generate_name": "",
                "generation": 0,
                "labels": {},
                "name": "argocd",
                "resource_version": "28139",
                "uid": "744b77b1-26c4-4f9c-8495-bb21c9167a4a"
              }
            ],
            "timeouts": null,
            "wait_for_default_service_account": false
          },
          "sensitive_attributes": [],
          "private": "eyJlMmJmYjczMC1lY2FhLTExZTYtOGY4OC0zNDM2M2JjN2M0YzAiOnsiZGVsZXRlIjozMDAwMDAwMDAwMDB9fQ=="
        }
      ]
    },
    {
      "mode": "managed",
      "type": "kubernetes_namespace",
      "name": "monitoring",
      "provider": "provider[\"registry.terraform.io/hashicorp/kubernetes\"]",
      "instances": [
        {
          "schema_version": 0,
          "attributes": {
            "id": "monitoring",
            "metadata": [
              {
                "annotations": {},
                "generate_name": "",
                "generation": 0,
                "labels": {},
                "name": "monitoring",
                "resource_version": "27504",
                "uid": "38c000a9-8a6d-4433-995f-7a32c5a47887"
              }
            ],
            "timeouts": null,
            "wait_for_default_service_account": false
          },
          "sensitive_attributes": [],
          "private": "eyJlMmJmYjczMC1lY2FhLTExZTYtOGY4OC0zNDM2M2JjN2M0YzAiOnsiZGVsZXRlIjozMDAwMDAwMDAwMDB9fQ=="
        }
      ]
    }
  ],
  "check_results": null
}
